# @generated - this file is auto-generated by `mise lock` https://mise.en.dev/dev-tools/mise-lock.html

[[tools.gitleaks]]
version = "8.30.1"
backend = "aqua:gitleaks/gitleaks"

[tools.gitleaks."platforms.linux-arm64"]
checksum = "sha256:e4a487ee7ccd7d3a7f7ec08657610aa3606637dab924210b3aee62570fb4b080"
url = "https://github.com/gitleaks/gitleaks/releases/download/v8.30.1/gitleaks_8.30.1_linux_arm64.tar.gz"

[tools.gitleaks."platforms.linux-x64"]
checksum = "sha256:551f6fc83ea457d62a0d98237cbad105af8d557003051f41f3e7ca7b3f2470eb"
url = "https://github.com/gitleaks/gitleaks/releases/download/v8.30.1/gitleaks_8.30.1_linux_x64.tar.gz"

[tools.gitleaks."platforms.macos-arm64"]
checksum = "sha256:b40ab0ae55c505963e365f271a8d3846efbc170aa17f2607f13df610a9aeb6a5"
url = "https://github.com/gitleaks/gitleaks/releases/download/v8.30.1/gitleaks_8.30.1_darwin_arm64.tar.gz"

[tools.gitleaks."platforms.macos-x64"]
checksum = "sha256:dfe101a4db2255fc85120ac7f3d25e4342c3c20cf749f2c20a18081af1952709"
url = "https://github.com/gitleaks/gitleaks/releases/download/v8.30.1/gitleaks_8.30.1_darwin_x64.tar.gz"

[tools.gitleaks."platforms.windows-x64"]
checksum = "sha256:d29144deff3a68aa93ced33dddf84b7fdc26070add4aa0f4513094c8332afc4e"
url = "https://github.com/gitleaks/gitleaks/releases/download/v8.30.1/gitleaks_8.30.1_windows_x64.zip"

[[tools.hk]]
version = "1.46.0"
backend = "aqua:jdx/hk"

[tools.hk."platforms.linux-arm64"]
checksum = "sha256:bad1b4e52cce2147646d943baa06a7bdb3d182ae0876853897a72225626411ae"
url = "https://github.com/jdx/hk/releases/download/v1.46.0/hk-aarch64-unknown-linux-gnu.tar.gz"

[tools.hk."platforms.linux-x64"]
checksum = "sha256:85b2cc167443cd27b49e323ef9b9d1a946d4bc18196eccb66112842d30fb90cb"
url = "https://github.com/jdx/hk/releases/download/v1.46.0/hk-x86_64-unknown-linux-gnu.tar.gz"

[tools.hk."platforms.macos-arm64"]
checksum = "sha256:9db3fac25754cfb929dc3f92b294fffdb966d4e838b8e0adeaf5b9b7eccc4f6c"
url = "https://github.com/jdx/hk/releases/download/v1.46.0/hk-aarch64-apple-darwin.tar.gz"

[tools.hk."platforms.windows-x64"]
checksum = "sha256:5af7e769acb7f70d8630ed53ae1fb2cc4b205117f29df5d83619fa0ff72a3bf1"
url = "https://github.com/jdx/hk/releases/download/v1.46.0/hk-x86_64-pc-windows-msvc.zip"

[[tools.node]]
version = "24.15.0"
backend = "core:node"

[tools.node."platforms.linux-arm64"]
checksum = "sha256:73afc234d558c24919875f51c2d1ea002a2ada4ea6f83601a383869fefa64eed"
url = "https://nodejs.org/dist/v24.15.0/node-v24.15.0-linux-arm64.tar.gz"

[tools.node."platforms.linux-x64"]
checksum = "sha256:44836872d9aec49f1e6b52a9a922872db9a2b02d235a616a5681b6a85fec8d89"
url = "https://nodejs.org/dist/v24.15.0/node-v24.15.0-linux-x64.tar.gz"

[tools.node."platforms.macos-arm64"]
checksum = "sha256:372331b969779ab5d15b949884fc6eaf88d5afe87bde8ba881d6400b9100ffc4"
url = "https://nodejs.org/dist/v24.15.0/node-v24.15.0-darwin-arm64.tar.gz"

[tools.node."platforms.macos-x64"]
checksum = "sha256:ffd5ee293467927f3ee731a553eb88fd1f48cf74eebc2d74a6babe4af228673b"
url = "https://nodejs.org/dist/v24.15.0/node-v24.15.0-darwin-x64.tar.gz"

[tools.node."platforms.windows-x64"]
checksum = "sha256:cc5149eabd53779ce1e7bdc5401643622d0c7e6800ade18928a767e940bb0e62"
url = "https://nodejs.org/dist/v24.15.0/node-v24.15.0-win-x64.zip"

[[tools.pkl]]
version = "0.31.1"
backend = "aqua:apple/pkl"

[tools.pkl."platforms.linux-arm64"]
checksum = "sha256:7ef10e743daa921fb94ae7bdb9ec6986f362bf250c55814b9ea2aeb13f2d083e"
url = "https://github.com/apple/pkl/releases/download/0.31.1/pkl-linux-aarch64"

[tools.pkl."platforms.linux-x64"]
checksum = "sha256:618f13955d755cafbfe8c9cba1d27635848cd49dbc6abffd398d2751db1231bf"
url = "https://github.com/apple/pkl/releases/download/0.31.1/pkl-linux-amd64"

[tools.pkl."platforms.macos-arm64"]
checksum = "sha256:1b6a5438d9624cd2798a7530721bbbfa27ef72efe5c878a1b6c546c6e7ca0e8f"
url = "https://github.com/apple/pkl/releases/download/0.31.1/pkl-macos-aarch64"

[tools.pkl."platforms.macos-x64"]
checksum = "sha256:22123ed4ae4c03afa8c54c69f77f0bec39b0fa0f67b09d6d148e0a376a2a471d"
url = "https://github.com/apple/pkl/releases/download/0.31.1/pkl-macos-amd64"

[tools.pkl."platforms.windows-x64"]
checksum = "sha256:a8834481667325b44c539dbb758d7365a16389070f343c04b639bbe525ede013"
url = "https://github.com/apple/pkl/releases/download/0.31.1/pkl-windows-amd64.exe"

[[tools.ruff]]
version = "0.15.16"
backend = "aqua:astral-sh/ruff"

[tools.ruff."platforms.linux-arm64"]
checksum = "sha256:3b39fc2608e12c554d42f6950a5ea131db8d8a0736c8949b3581c361f9f011d4"
url = "https://github.com/astral-sh/ruff/releases/download/0.15.16/ruff-aarch64-unknown-linux-musl.tar.gz"

[tools.ruff."platforms.linux-x64"]
checksum = "sha256:f52d90f8a6b1b3ad7d74301c3c796652e851d8f05b6ba26d139f05f4838cf412"
url = "https://github.com/astral-sh/ruff/releases/download/0.15.16/ruff-x86_64-unknown-linux-musl.tar.gz"

[tools.ruff."platforms.macos-arm64"]
checksum = "sha256:9deb6c4c38c9324bfd98ea4efb40946aae99a987e7f9d1308a1291f14f6b46e2"
url = "https://github.com/astral-sh/ruff/releases/download/0.15.16/ruff-aarch64-apple-darwin.tar.gz"

[tools.ruff."platforms.macos-x64"]
checksum = "sha256:a8a7a60182f66b5995bd16e1831cf013e89558edf52135a1b6646f155f491f98"
url = "https://github.com/astral-sh/ruff/releases/download/0.15.16/ruff-x86_64-apple-darwin.tar.gz"

[tools.ruff."platforms.windows-x64"]
checksum = "sha256:b6c843fa84afb37af9d665a418324782ae18ea3dd1de775abfd7cf17f9431f85"
url = "https://github.com/astral-sh/ruff/releases/download/0.15.16/ruff-x86_64-pc-windows-msvc.zip"

[[tools.shellcheck]]
version = "0.11.0"
backend = "aqua:koalaman/shellcheck"

[tools.shellcheck."platforms.linux-arm64"]
checksum = "sha256:12b331c1d2db6b9eb13cfca64306b1b157a86eb69db83023e261eaa7e7c14588"
url = "https://github.com/koalaman/shellcheck/releases/download/v0.11.0/shellcheck-v0.11.0.linux.aarch64.tar.xz"

[tools.shellcheck."platforms.linux-x64"]
checksum = "sha256:8c3be12b05d5c177a04c29e3c78ce89ac86f1595681cab149b65b97c4e227198"
url = "https://github.com/koalaman/shellcheck/releases/download/v0.11.0/shellcheck-v0.11.0.linux.x86_64.tar.xz"

[tools.shellcheck."platforms.macos-arm64"]
checksum = "sha256:56affdd8de5527894dca6dc3d7e0a99a873b0f004d7aabc30ae407d3f48b0a79"
url = "https://github.com/koalaman/shellcheck/releases/download/v0.11.0/shellcheck-v0.11.0.darwin.aarch64.tar.xz"

[tools.shellcheck."platforms.macos-x64"]
checksum = "sha256:3c89db4edcab7cf1c27bff178882e0f6f27f7afdf54e859fa041fca10febe4c6"
url = "https://github.com/koalaman/shellcheck/releases/download/v0.11.0/shellcheck-v0.11.0.darwin.x86_64.tar.xz"

[tools.shellcheck."platforms.windows-x64"]
checksum = "sha256:8a4e35ab0b331c85d73567b12f2a444df187f483e5079ceffa6bda1faa2e740e"
url = "https://github.com/koalaman/shellcheck/releases/download/v0.11.0/shellcheck-v0.11.0.zip"

[[tools.shfmt]]
version = "3.13.1"
backend = "aqua:mvdan/sh"

[tools.shfmt."platforms.linux-arm64"]
checksum = "sha256:32d92acaa5cd8abb29fc49dac123dc412442d5713967819d8af2c29f1b3857c7"
url = "https://github.com/mvdan/sh/releases/download/v3.13.1/shfmt_v3.13.1_linux_arm64"

[tools.shfmt."platforms.linux-x64"]
checksum = "sha256:fb096c5d1ac6beabbdbaa2874d025badb03ee07929f0c9ff67563ce8c75398b1"
url = "https://github.com/mvdan/sh/releases/download/v3.13.1/shfmt_v3.13.1_linux_amd64"

[tools.shfmt."platforms.macos-arm64"]
checksum = "sha256:9680526be4a66ea1ffe988ed08af58e1400fe1e4f4aef5bd88b20bb9b3da33f8"
url = "https://github.com/mvdan/sh/releases/download/v3.13.1/shfmt_v3.13.1_darwin_arm64"

[tools.shfmt."platforms.macos-x64"]
checksum = "sha256:6feedafc72915794163114f512348e2437d080d0047ef8b8fa2ec63b575f12af"
url = "https://github.com/mvdan/sh/releases/download/v3.13.1/shfmt_v3.13.1_darwin_amd64"

[tools.shfmt."platforms.windows-x64"]
checksum = "sha256:60cd368533d0ad73fa86d93d5bbf95ef40587245ce684ed138c1b31557b5fe97"
url = "https://github.com/mvdan/sh/releases/download/v3.13.1/shfmt_v3.13.1_windows_amd64.exe"

[[tools.uv]]
version = "0.11.14"
backend = "aqua:astral-sh/uv"

[tools.uv."platforms.linux-arm64"]
checksum = "sha256:d7d3966e46915c5f6932692aaf152a2473eecb1d2517ca4f8e88a07484b380b6"
url = "https://github.com/astral-sh/uv/releases/download/0.11.14/uv-aarch64-unknown-linux-musl.tar.gz"

[tools.uv."platforms.linux-x64"]
checksum = "sha256:077d36f45a0cc6d440b653b2d5c53e7731121e99e54b0221267eec5d1cae76ce"
url = "https://github.com/astral-sh/uv/releases/download/0.11.14/uv-x86_64-unknown-linux-musl.tar.gz"

[tools.uv."platforms.macos-arm64"]
checksum = "sha256:4333af5c0730d94323a7819bbdf87ce92dd07fc857d67fff0059e0fca31b5c02"
url = "https://github.com/astral-sh/uv/releases/download/0.11.14/uv-aarch64-apple-darwin.tar.gz"

[tools.uv."platforms.macos-x64"]
checksum = "sha256:9836c1440b0bd6aa5f81793648a339bd01d593b7b8f575de3b855dae4ab64654"
url = "https://github.com/astral-sh/uv/releases/download/0.11.14/uv-x86_64-apple-darwin.tar.gz"

[tools.uv."platforms.windows-x64"]
checksum = "sha256:52ba5d19409aaa688a8a1a6ec8dfb6a4817230d20186e75f4006105c3e39a846"
url = "https://github.com/astral-sh/uv/releases/download/0.11.14/uv-x86_64-pc-windows-msvc.zip"
